// !$*UTF8*$!
{
	archiveVersion = 1;
	classes = {
	};
	objectVersion = 50;
	objects = {

/* Begin PBXBuildFile section */
		082F1F902638C78500D761C1 /* User.swift in Sources */ = {isa = PBXBuildFile; fileRef = 082F1F8F2638C78500D761C1 /* User.swift */; };
		08A44246263771E6007E5391 /* Bar_Order_AppApp.swift in Sources */ = {isa = PBXBuildFile; fileRef = 08A44245263771E6007E5391 /* Bar_Order_AppApp.swift */; };
		08A4424A263771E6007E5391 /* Assets.xcassets in Resources */ = {isa = PBXBuildFile; fileRef = 08A44249263771E6007E5391 /* Assets.xcassets */; };
		08A4424D263771E6007E5391 /* Preview Assets.xcassets in Resources */ = {isa = PBXBuildFile; fileRef = 08A4424C263771E6007E5391 /* Preview Assets.xcassets */; };
		08A44258263771E7007E5391 /* Bar_Order_AppTests.swift in Sources */ = {isa = PBXBuildFile; fileRef = 08A44257263771E7007E5391 /* Bar_Order_AppTests.swift */; };
		08A44263263771E7007E5391 /* Bar_Order_AppUITests.swift in Sources */ = {isa = PBXBuildFile; fileRef = 08A44262263771E7007E5391 /* Bar_Order_AppUITests.swift */; };
		08A442712637727F007E5391 /* LoginScreen.swift in Sources */ = {isa = PBXBuildFile; fileRef = 08A442702637727F007E5391 /* LoginScreen.swift */; };
		08A4427326377740007E5391 /* OrderScreen.swift in Sources */ = {isa = PBXBuildFile; fileRef = 08A4427226377740007E5391 /* OrderScreen.swift */; };
		08A4427526377AD8007E5391 /* GuestSignInScreen.swift in Sources */ = {isa = PBXBuildFile; fileRef = 08A4427426377AD8007E5391 /* GuestSignInScreen.swift */; };
		08A4427726377E9A007E5391 /* AdminLoginScreen.swift in Sources */ = {isa = PBXBuildFile; fileRef = 08A4427626377E9A007E5391 /* AdminLoginScreen.swift */; };
		08A44279263782C7007E5391 /* PageCase.swift in Sources */ = {isa = PBXBuildFile; fileRef = 08A44278263782C7007E5391 /* PageCase.swift */; };
		08A4427B263782F6007E5391 /* ViewChanger.swift in Sources */ = {isa = PBXBuildFile; fileRef = 08A4427A263782F6007E5391 /* ViewChanger.swift */; };
		08A4427D263783EE007E5391 /* MainView.swift in Sources */ = {isa = PBXBuildFile; fileRef = 08A4427C263783EE007E5391 /* MainView.swift */; };
		08A4427F26378CF8007E5391 /* AdminScreen.swift in Sources */ = {isa = PBXBuildFile; fileRef = 08A4427E26378CF8007E5391 /* AdminScreen.swift */; };
		08A442812637A52A007E5391 /* CustomDrinkScreen.swift in Sources */ = {isa = PBXBuildFile; fileRef = 08A442802637A52A007E5391 /* CustomDrinkScreen.swift */; };
		08A442832637ACF7007E5391 /* StockScreen.swift in Sources */ = {isa = PBXBuildFile; fileRef = 08A442822637ACF7007E5391 /* StockScreen.swift */; };
/* End PBXBuildFile section */

/* Begin PBXContainerItemProxy section */
		08A44254263771E7007E5391 /* PBXContainerItemProxy */ = {
			isa = PBXContainerItemProxy;
			containerPortal = 08A4423A263771E5007E5391 /* Project object */;
			proxyType = 1;
			remoteGlobalIDString = 08A44241263771E6007E5391;
			remoteInfo = "Bar Order App";
		};
		08A4425F263771E7007E5391 /* PBXContainerItemProxy */ = {
			isa = PBXContainerItemProxy;
			containerPortal = 08A4423A263771E5007E5391 /* Project object */;
			proxyType = 1;
			remoteGlobalIDString = 08A44241263771E6007E5391;
			remoteInfo = "Bar Order App";
		};
/* End PBXContainerItemProxy section */

/* Begin PBXFileReference section */
		082F1F8F2638C78500D761C1 /* User.swift */ = {isa = PBXFileReference; lastKnownFileType = sourcecode.swift; path = User.swift; sourceTree = "<group>"; };
		08A44242263771E6007E5391 /* Bar Order App.app */ = {isa = PBXFileReference; explicitFileType = wrapper.application; includeInIndex = 0; path = "Bar Order App.app"; sourceTree = BUILT_PRODUCTS_DIR; };
		08A44245263771E6007E5391 /* Bar_Order_AppApp.swift */ = {isa = PBXFileReference; lastKnownFileType = sourcecode.swift; path = Bar_Order_AppApp.swift; sourceTree = "<group>"; };
		08A44249263771E6007E5391 /* Assets.xcassets */ = {isa = PBXFileReference; lastKnownFileType = folder.assetcatalog; path = Assets.xcassets; sourceTree = "<group>"; };
		08A4424C263771E6007E5391 /* Preview Assets.xcassets */ = {isa = PBXFileReference; lastKnownFileType = folder.assetcatalog; path = "Preview Assets.xcassets"; sourceTree = "<group>"; };
		08A4424E263771E6007E5391 /* Info.plist */ = {isa = PBXFileReference; lastKnownFileType = text.plist.xml; path = Info.plist; sourceTree = "<group>"; };
		08A44253263771E7007E5391 /* Bar Order AppTests.xctest */ = {isa = PBXFileReference; explicitFileType = wrapper.cfbundle; includeInIndex = 0; path = "Bar Order AppTests.xctest"; sourceTree = BUILT_PRODUCTS_DIR; };
		08A44257263771E7007E5391 /* Bar_Order_AppTests.swift */ = {isa = PBXFileReference; lastKnownFileType = sourcecode.swift; path = Bar_Order_AppTests.swift; sourceTree = "<group>"; };
		08A44259263771E7007E5391 /* Info.plist */ = {isa = PBXFileReference; lastKnownFileType = text.plist.xml; path = Info.plist; sourceTree = "<group>"; };
		08A4425E263771E7007E5391 /* Bar Order AppUITests.xctest */ = {isa = PBXFileReference; explicitFileType = wrapper.cfbundle; includeInIndex = 0; path = "Bar Order AppUITests.xctest"; sourceTree = BUILT_PRODUCTS_DIR; };
		08A44262263771E7007E5391 /* Bar_Order_AppUITests.swift */ = {isa = PBXFileReference; lastKnownFileType = sourcecode.swift; path = Bar_Order_AppUITests.swift; sourceTree = "<group>"; };
		08A44264263771E7007E5391 /* Info.plist */ = {isa = PBXFileReference; lastKnownFileType = text.plist.xml; path = Info.plist; sourceTree = "<group>"; };
		08A442702637727F007E5391 /* LoginScreen.swift */ = {isa = PBXFileReference; lastKnownFileType = sourcecode.swift; path = LoginScreen.swift; sourceTree = "<group>"; };
		08A4427226377740007E5391 /* OrderScreen.swift */ = {isa = PBXFileReference; lastKnownFileType = sourcecode.swift; path = OrderScreen.swift; sourceTree = "<group>"; };
		08A4427426377AD8007E5391 /* GuestSignInScreen.swift */ = {isa = PBXFileReference; lastKnownFileType = sourcecode.swift; path = GuestSignInScreen.swift; sourceTree = "<group>"; };
		08A4427626377E9A007E5391 /* AdminLoginScreen.swift */ = {isa = PBXFileReference; lastKnownFileType = sourcecode.swift; path = AdminLoginScreen.swift; sourceTree = "<group>"; };
		08A44278263782C7007E5391 /* PageCase.swift */ = {isa = PBXFileReference; lastKnownFileType = sourcecode.swift; path = PageCase.swift; sourceTree = "<group>"; };
		08A4427A263782F6007E5391 /* ViewChanger.swift */ = {isa = PBXFileReference; lastKnownFileType = sourcecode.swift; path = ViewChanger.swift; sourceTree = "<group>"; };
		08A4427C263783EE007E5391 /* MainView.swift */ = {isa = PBXFileReference; lastKnownFileType = sourcecode.swift; path = MainView.swift; sourceTree = "<group>"; };
		08A4427E26378CF8007E5391 /* AdminScreen.swift */ = {isa = PBXFileReference; lastKnownFileType = sourcecode.swift; path = AdminScreen.swift; sourceTree = "<group>"; };
		08A442802637A52A007E5391 /* CustomDrinkScreen.swift */ = {isa = PBXFileReference; lastKnownFileType = sourcecode.swift; path = CustomDrinkScreen.swift; sourceTree = "<group>"; };
		08A442822637ACF7007E5391 /* StockScreen.swift */ = {isa = PBXFileReference; lastKnownFileType = sourcecode.swift; path = StockScreen.swift; sourceTree = "<group>"; };
/* End PBXFileReference section */

/* Begin PBXFrameworksBuildPhase section */
		08A4423F263771E6007E5391 /* Frameworks */ = {
			isa = PBXFrameworksBuildPhase;
			buildActionMask = 2147483647;
			files = (
			);
			runOnlyForDeploymentPostprocessing = 0;
		};
		08A44250263771E7007E5391 /* Frameworks */ = {
			isa = PBXFrameworksBuildPhase;
			buildActionMask = 2147483647;
			files = (
			);
			runOnlyForDeploymentPostprocessing = 0;
		};
		08A4425B263771E7007E5391 /* Frameworks */ = {
			isa = PBXFrameworksBuildPhase;
			buildActionMask = 2147483647;
			files = (
			);
			runOnlyForDeploymentPostprocessing = 0;
		};
/* End PBXFrameworksBuildPhase section */

/* Begin PBXGroup section */
		08A44239263771E5007E5391 = {
			isa = PBXGroup;
			children = (
				08A44244263771E6007E5391 /* Bar Order App */,
				08A44256263771E7007E5391 /* Bar Order AppTests */,
				08A44261263771E7007E5391 /* Bar Order AppUITests */,
				08A44243263771E6007E5391 /* Products */,
			);
			sourceTree = "<group>";
		};
		08A44243263771E6007E5391 /* Products */ = {
			isa = PBXGroup;
			children = (
				08A44242263771E6007E5391 /* Bar Order App.app */,
				08A44253263771E7007E5391 /* Bar Order AppTests.xctest */,
				08A4425E263771E7007E5391 /* Bar Order AppUITests.xctest */,
			);
			name = Products;
			sourceTree = "<group>";
		};
		08A44244263771E6007E5391 /* Bar Order App */ = {
			isa = PBXGroup;
			children = (
				08A442702637727F007E5391 /* LoginScreen.swift */,
				08A44245263771E6007E5391 /* Bar_Order_AppApp.swift */,
				08A44249263771E6007E5391 /* Assets.xcassets */,
				08A4424E263771E6007E5391 /* Info.plist */,
				08A4427226377740007E5391 /* OrderScreen.swift */,
				08A4427426377AD8007E5391 /* GuestSignInScreen.swift */,
				08A4427626377E9A007E5391 /* AdminLoginScreen.swift */,
				08A44278263782C7007E5391 /* PageCase.swift */,
				08A4427A263782F6007E5391 /* ViewChanger.swift */,
				08A4427C263783EE007E5391 /* MainView.swift */,
				08A4427E26378CF8007E5391 /* AdminScreen.swift */,
				08A442802637A52A007E5391 /* CustomDrinkScreen.swift */,
				08A442822637ACF7007E5391 /* StockScreen.swift */,
				08A4424B263771E6007E5391 /* Preview Content */,
				082F1F8F2638C78500D761C1 /* User.swift */,
			);
			path = "Bar Order App";
			sourceTree = "<group>";
		};
		08A4424B263771E6007E5391 /* Preview Content */ = {
			isa = PBXGroup;
			children = (
				08A4424C263771E6007E5391 /* Preview Assets.xcassets */,
			);
			path = "Preview Content";
			sourceTree = "<group>";
		};
		08A44256263771E7007E5391 /* Bar Order AppTests */ = {
			isa = PBXGroup;
			children = (
				08A44257263771E7007E5391 /* Bar_Order_AppTests.swift */,
				08A44259263771E7007E5391 /* Info.plist */,
			);
			path = "Bar Order AppTests";
			sourceTree = "<group>";
		};
		08A44261263771E7007E5391 /* Bar Order AppUITests */ = {
			isa = PBXGroup;
			children = (
				08A44262263771E7007E5391 /* Bar_Order_AppUITests.swift */,
				08A44264263771E7007E5391 /* Info.plist */,
			);
			path = "Bar Order AppUITests";
			sourceTree = "<group>";
		};
/* End PBXGroup section */

/* Begin PBXNativeTarget section */
		08A44241263771E6007E5391 /* Bar Order App */ = {
			isa = PBXNativeTarget;
			buildConfigurationList = 08A44267263771E7007E5391 /* Build configuration list for PBXNativeTarget "Bar Order App" */;
			buildPhases = (
				08A4423E263771E6007E5391 /* Sources */,
				08A4423F263771E6007E5391 /* Frameworks */,
				08A44240263771E6007E5391 /* Resources */,
			);
			buildRules = (
			);
			dependencies = (
			);
			name = "Bar Order App";
			productName = "Bar Order App";
			productReference = 08A44242263771E6007E5391 /* Bar Order App.app */;
			productType = "com.apple.product-type.application";
		};
		08A44252263771E7007E5391 /* Bar Order AppTests */ = {
			isa = PBXNativeTarget;
			buildConfigurationList = 08A4426A263771E7007E5391 /* Build configuration list for PBXNativeTarget "Bar Order AppTests" */;
			buildPhases = (
				08A4424F263771E7007E5391 /* Sources */,
				08A44250263771E7007E5391 /* Frameworks */,
				08A44251263771E7007E5391 /* Resources */,
			);
			buildRules = (
			);
			dependencies = (
				08A44255263771E7007E5391 /* PBXTargetDependency */,
			);
			name = "Bar Order AppTests";
			productName = "Bar Order AppTests";
			productReference = 08A44253263771E7007E5391 /* Bar Order AppTests.xctest */;
			productType = "com.apple.product-type.bundle.unit-test";
		};
		08A4425D263771E7007E5391 /* Bar Order AppUITests */ = {
			isa = PBXNativeTarget;
			buildConfigurationList = 08A4426D263771E7007E5391 /* Build configuration list for PBXNativeTarget "Bar Order AppUITests" */;
			buildPhases = (
				08A4425A263771E7007E5391 /* Sources */,
				08A4425B263771E7007E5391 /* Frameworks */,
				08A4425C263771E7007E5391 /* Resources */,
			);
			buildRules = (
			);
			dependencies = (
				08A44260263771E7007E5391 /* PBXTargetDependency */,
			);
			name = "Bar Order AppUITests";
			productName = "Bar Order AppUITests";
			productReference = 08A4425E263771E7007E5391 /* Bar Order AppUITests.xctest */;
			productType = "com.apple.product-type.bundle.ui-testing";
		};
/* End PBXNativeTarget section */

/* Begin PBXProject section */
		08A4423A263771E5007E5391 /* Project object */ = {
			isa = PBXProject;
			attributes = {
				LastSwiftUpdateCheck = 1250;
				LastUpgradeCheck = 1250;
				TargetAttributes = {
					08A44241263771E6007E5391 = {
						CreatedOnToolsVersion = 12.5;
					};
					08A44252263771E7007E5391 = {
						CreatedOnToolsVersion = 12.5;
						TestTargetID = 08A44241263771E6007E5391;
					};
					08A4425D263771E7007E5391 = {
						CreatedOnToolsVersion = 12.5;
						TestTargetID = 08A44241263771E6007E5391;
					};
				};
			};
			buildConfigurationList = 08A4423D263771E5007E5391 /* Build configuration list for PBXProject "Bar Order App" */;
			compatibilityVersion = "Xcode 9.3";
			developmentRegion = en;
			hasScannedForEncodings = 0;
			knownRegions = (
				en,
				Base,
			);
			mainGroup = 08A44239263771E5007E5391;
			productRefGroup = 08A44243263771E6007E5391 /* Products */;
			projectDirPath = "";
			projectRoot = "";
			targets = (
				08A44241263771E6007E5391 /* Bar Order App */,
				08A44252263771E7007E5391 /* Bar Order AppTests */,
				08A4425D263771E7007E5391 /* Bar Order AppUITests */,
			);
		};
/* End PBXProject section */

/* Begin PBXResourcesBuildPhase section */
		08A44240263771E6007E5391 /* Resources */ = {
			isa = PBXResourcesBuildPhase;
			buildActionMask = 2147483647;
			files = (
				08A4424D263771E6007E5391 /* Preview Assets.xcassets in Resources */,
				08A4424A263771E6007E5391 /* Assets.xcassets in Resources */,
			);
			runOnlyForDeploymentPostprocessing = 0;
		};
		08A44251263771E7007E5391 /* Resources */ = {
			isa = PBXResourcesBuildPhase;
			buildActionMask = 2147483647;
			files = (
			);
			runOnlyForDeploymentPostprocessing = 0;
		};
		08A4425C263771E7007E5391 /* Resources */ = {
			isa = PBXResourcesBuildPhase;
			buildActionMask = 2147483647;
			files = (
			);
			runOnlyForDeploymentPostprocessing = 0;
		};
/* End PBXResourcesBuildPhase section */

/* Begin PBXSourcesBuildPhase section */
		08A4423E263771E6007E5391 /* Sources */ = {
			isa = PBXSourcesBuildPhase;
			buildActionMask = 2147483647;
			files = (
				08A44279263782C7007E5391 /* PageCase.swift in Sources */,
				08A4427D263783EE007E5391 /* MainView.swift in Sources */,
				08A44246263771E6007E5391 /* Bar_Order_AppApp.swift in Sources */,
				08A442832637ACF7007E5391 /* StockScreen.swift in Sources */,
				08A442712637727F007E5391 /* LoginScreen.swift in Sources */,
				08A4427526377AD8007E5391 /* GuestSignInScreen.swift in Sources */,
				08A4427B263782F6007E5391 /* ViewChanger.swift in Sources */,
				08A4427326377740007E5391 /* OrderScreen.swift in Sources */,
				082F1F902638C78500D761C1 /* User.swift in Sources */,
				08A442812637A52A007E5391 /* CustomDrinkScreen.swift in Sources */,
				08A4427F26378CF8007E5391 /* AdminScreen.swift in Sources */,
				08A4427726377E9A007E5391 /* AdminLoginScreen.swift in Sources */,
			);
			runOnlyForDeploymentPostprocessing = 0;
		};
		08A4424F263771E7007E5391 /* Sources */ = {
			isa = PBXSourcesBuildPhase;
			buildActionMask = 2147483647;
			files = (
				08A44258263771E7007E5391 /* Bar_Order_AppTests.swift in Sources */,
			);
			runOnlyForDeploymentPostprocessing = 0;
		};
		08A4425A263771E7007E5391 /* Sources */ = {
			isa = PBXSourcesBuildPhase;
			buildActionMask = 2147483647;
			files = (
				08A44263263771E7007E5391 /* Bar_Order_AppUITests.swift in Sources */,
			);
			runOnlyForDeploymentPostprocessing = 0;
		};
/* End PBXSourcesBuildPhase section */

/* Begin PBXTargetDependency section */
		08A44255263771E7007E5391 /* PBXTargetDependency */ = {
			isa = PBXTargetDependency;
			target = 08A44241263771E6007E5391 /* Bar Order App */;
			targetProxy = 08A44254263771E7007E5391 /* PBXContainerItemProxy */;
		};
		08A44260263771E7007E5391 /* PBXTargetDependency */ = {
			isa = PBXTargetDependency;
			target = 08A44241263771E6007E5391 /* Bar Order App */;
			targetProxy = 08A4425F263771E7007E5391 /* PBXContainerItemProxy */;
		};
/* End PBXTargetDependency section */

/* Begin XCBuildConfiguration section */
		08A44265263771E7007E5391 /* Debug */ = {
			isa = XCBuildConfiguration;
			buildSettings = {
				ALWAYS_SEARCH_USER_PATHS = NO;
				CLANG_ANALYZER_NONNULL = YES;
				CLANG_ANALYZER_NUMBER_OBJECT_CONVERSION = YES_AGGRESSIVE;
				CLANG_CXX_LANGUAGE_STANDARD = "gnu++14";
				CLANG_CXX_LIBRARY = "libc++";
				CLANG_ENABLE_MODULES = YES;
				CLANG_ENABLE_OBJC_ARC = YES;
				CLANG_ENABLE_OBJC_WEAK = YES;
				CLANG_WARN_BLOCK_CAPTURE_AUTORELEASING = YES;
				CLANG_WARN_BOOL_CONVERSION = YES;
				CLANG_WARN_COMMA = YES;
				CLANG_WARN_CONSTANT_CONVERSION = YES;
				CLANG_WARN_DEPRECATED_OBJC_IMPLEMENTATIONS = YES;
				CLANG_WARN_DIRECT_OBJC_ISA_USAGE = YES_ERROR;
				CLANG_WARN_DOCUMENTATION_COMMENTS = YES;
				CLANG_WARN_EMPTY_BODY = YES;
				CLANG_WARN_ENUM_CONVERSION = YES;
				CLANG_WARN_INFINITE_RECURSION = YES;
				CLANG_WARN_INT_CONVERSION = YES;
				CLANG_WARN_NON_LITERAL_NULL_CONVERSION = YES;
				CLANG_WARN_OBJC_IMPLICIT_RETAIN_SELF = YES;
				CLANG_WARN_OBJC_LITERAL_CONVERSION = YES;
				CLANG_WARN_OBJC_ROOT_CLASS = YES_ERROR;
				CLANG_WARN_QUOTED_INCLUDE_IN_FRAMEWORK_HEADER = YES;
				CLANG_WARN_RANGE_LOOP_ANALYSIS = YES;
				CLANG_WARN_STRICT_PROTOTYPES = YES;
				CLANG_WARN_SUSPICIOUS_MOVE = YES;
				CLANG_WARN_UNGUARDED_AVAILABILITY = YES_AGGRESSIVE;
				CLANG_WARN_UNREACHABLE_CODE = YES;
				CLANG_WARN__DUPLICATE_METHOD_MATCH = YES;
				COPY_PHASE_STRIP = NO;
				DEBUG_INFORMATION_FORMAT = dwarf;
				ENABLE_STRICT_OBJC_MSGSEND = YES;
				ENABLE_TESTABILITY = YES;
				GCC_C_LANGUAGE_STANDARD = gnu11;
				GCC_DYNAMIC_NO_PIC = NO;
				GCC_NO_COMMON_BLOCKS = YES;
				GCC_OPTIMIZATION_LEVEL = 0;
				GCC_PREPROCESSOR_DEFINITIONS = (
					"DEBUG=1",
					"$(inherited)",
				);
				GCC_WARN_64_TO_32_BIT_CONVERSION = YES;
				GCC_WARN_ABOUT_RETURN_TYPE = YES_ERROR;
				GCC_WARN_UNDECLARED_SELECTOR = YES;
				GCC_WARN_UNINITIALIZED_AUTOS = YES_AGGRESSIVE;
				GCC_WARN_UNUSED_FUNCTION = YES;
				GCC_WARN_UNUSED_VARIABLE = YES;
				IPHONEOS_DEPLOYMENT_TARGET = 14.5;
				MTL_ENABLE_DEBUG_INFO = INCLUDE_SOURCE;
				MTL_FAST_MATH = YES;
				ONLY_ACTIVE_ARCH = YES;
				SDKROOT = iphoneos;
				SWIFT_ACTIVE_COMPILATION_CONDITIONS = DEBUG;
				SWIFT_OPTIMIZATION_LEVEL = "-Onone";
			};
			name = Debug;
		};
		08A44266263771E7007E5391 /* Release */ = {
			isa = XCBuildConfiguration;
			buildSettings = {
				ALWAYS_SEARCH_USER_PATHS = NO;
				CLANG_ANALYZER_NONNULL = YES;
				CLANG_ANALYZER_NUMBER_OBJECT_CONVERSION = YES_AGGRESSIVE;
				CLANG_CXX_LANGUAGE_STANDARD = "gnu++14";
				CLANG_CXX_LIBRARY = "libc++";
				CLANG_ENABLE_MODULES = YES;
				CLANG_ENABLE_OBJC_ARC = YES;
				CLANG_ENABLE_OBJC_WEAK = YES;
				CLANG_WARN_BLOCK_CAPTURE_AUTORELEASING = YES;
				CLANG_WARN_BOOL_CONVERSION = YES;
				CLANG_WARN_COMMA = YES;
				CLANG_WARN_CONSTANT_CONVERSION = YES;
				CLANG_WARN_DEPRECATED_OBJC_IMPLEMENTATIONS = YES;
				CLANG_WARN_DIRECT_OBJC_ISA_USAGE = YES_ERROR;
				CLANG_WARN_DOCUMENTATION_COMMENTS = YES;
				CLANG_WARN_EMPTY_BODY = YES;
				CLANG_WARN_ENUM_CONVERSION = YES;
				CLANG_WARN_INFINITE_RECURSION = YES;
				CLANG_WARN_INT_CONVERSION = YES;
				CLANG_WARN_NON_LITERAL_NULL_CONVERSION = YES;
				CLANG_WARN_OBJC_IMPLICIT_RETAIN_SELF = YES;
				CLANG_WARN_OBJC_LITERAL_CONVERSION = YES;
				CLANG_WARN_OBJC_ROOT_CLASS = YES_ERROR;
				CLANG_WARN_QUOTED_INCLUDE_IN_FRAMEWORK_HEADER = YES;
				CLANG_WARN_RANGE_LOOP_ANALYSIS = YES;
				CLANG_WARN_STRICT_PROTOTYPES = YES;
				CLANG_WARN_SUSPICIOUS_MOVE = YES;
				CLANG_WARN_UNGUARDED_AVAILABILITY = YES_AGGRESSIVE;
				CLANG_WARN_UNREACHABLE_CODE = YES;
				CLANG_WARN__DUPLICATE_METHOD_MATCH = YES;
				COPY_PHASE_STRIP = NO;
				DEBUG_INFORMATION_FORMAT = "dwarf-with-dsym";
				ENABLE_NS_ASSERTIONS = NO;
				ENABLE_STRICT_OBJC_MSGSEND = YES;
				GCC_C_LANGUAGE_STANDARD = gnu11;
				GCC_NO_COMMON_BLOCKS = YES;
				GCC_WARN_64_TO_32_BIT_CONVERSION = YES;
				GCC_WARN_ABOUT_RETURN_TYPE = YES_ERROR;
				GCC_WARN_UNDECLARED_SELECTOR = YES;
				GCC_WARN_UNINITIALIZED_AUTOS = YES_AGGRESSIVE;
				GCC_WARN_UNUSED_FUNCTION = YES;
				GCC_WARN_UNUSED_VARIABLE = YES;
				IPHONEOS_DEPLOYMENT_TARGET = 14.5;
				MTL_ENABLE_DEBUG_INFO = NO;
				MTL_FAST_MATH = YES;
				SDKROOT = iphoneos;
				SWIFT_COMPILATION_MODE = wholemodule;
				SWIFT_OPTIMIZATION_LEVEL = "-O";
				VALIDATE_PRODUCT = YES;
			};
			name = Release;
		};
		08A44268263771E7007E5391 /* Debug */ = {
			isa = XCBuildConfiguration;
			buildSettings = {
				ASSETCATALOG_COMPILER_APPICON_NAME = AppIcon;
				ASSETCATALOG_COMPILER_GLOBAL_ACCENT_COLOR_NAME = AccentColor;
				CODE_SIGN_STYLE = Automatic;
				DEVELOPMENT_ASSET_PATHS = "\"Bar Order App/Preview Content\"";
				DEVELOPMENT_TEAM = UUYKF574A7;
				ENABLE_PREVIEWS = YES;
				INFOPLIST_FILE = "Bar Order App/Info.plist";
				IPHONEOS_DEPLOYMENT_TARGET = 14.0;
				LD_RUNPATH_SEARCH_PATHS = (
					"$(inherited)",
					"@executable_path/Frameworks",
				);
				PRODUCT_BUNDLE_IDENTIFIER = "com.DannyMakogon.Bar-Order-App";
				PRODUCT_NAME = "$(TARGET_NAME)";
				SWIFT_VERSION = 5.0;
				TARGETED_DEVICE_FAMILY = "1,2";
			};
			name = Debug;
		};
		08A44269263771E7007E5391 /* Release */ = {
			isa = XCBuildConfiguration;
			buildSettings = {
				ASSETCATALOG_COMPILER_APPICON_NAME = AppIcon;
				ASSETCATALOG_COMPILER_GLOBAL_ACCENT_COLOR_NAME = AccentColor;
				CODE_SIGN_STYLE = Automatic;
				DEVELOPMENT_ASSET_PATHS = "\"Bar Order App/Preview Content\"";
				DEVELOPMENT_TEAM = UUYKF574A7;
				ENABLE_PREVIEWS = YES;
				INFOPLIST_FILE = "Bar Order App/Info.plist";
				IPHONEOS_DEPLOYMENT_TARGET = 14.0;
				LD_RUNPATH_SEARCH_PATHS = (
					"$(inherited)",
					"@executable_path/Frameworks",
				);
				PRODUCT_BUNDLE_IDENTIFIER = "com.DannyMakogon.Bar-Order-App";
				PRODUCT_NAME = "$(TARGET_NAME)";
				SWIFT_VERSION = 5.0;
				TARGETED_DEVICE_FAMILY = "1,2";
			};
			name = Release;
		};
		08A4426B263771E7007E5391 /* Debug */ = {
			isa = XCBuildConfiguration;
			buildSettings = {
				ALWAYS_EMBED_SWIFT_STANDARD_LIBRARIES = YES;
				BUNDLE_LOADER = "$(TEST_HOST)";
				CODE_SIGN_STYLE = Automatic;
				INFOPLIST_FILE = "Bar Order AppTests/Info.plist";
				IPHONEOS_DEPLOYMENT_TARGET = 14.0;
				LD_RUNPATH_SEARCH_PATHS = (
					"$(inherited)",
					"@executable_path/Frameworks",
					"@loader_path/Frameworks",
				);
				PRODUCT_BUNDLE_IDENTIFIER = "com.DannyMakogon.Bar-Order-AppTests";
				PRODUCT_NAME = "$(TARGET_NAME)";
				SWIFT_VERSION = 5.0;
				TARGETED_DEVICE_FAMILY = "1,2";
				TEST_HOST = "$(BUILT_PRODUCTS_DIR)/Bar Order App.app/Bar Order App";
			};
			name = Debug;
		};
		08A4426C263771E7007E5391 /* Release */ = {
			isa = XCBuildConfiguration;
			buildSettings = {
				ALWAYS_EMBED_SWIFT_STANDARD_LIBRARIES = YES;
				BUNDLE_LOADER = "$(TEST_HOST)";
				CODE_SIGN_STYLE = Automatic;
				INFOPLIST_FILE = "Bar Order AppTests/Info.plist";
				IPHONEOS_DEPLOYMENT_TARGET = 14.0;
				LD_RUNPATH_SEARCH_PATHS = (
					"$(inherited)",
					"@executable_path/Frameworks",
					"@loader_path/Frameworks",
				);
				PRODUCT_BUNDLE_IDENTIFIER = "com.DannyMakogon.Bar-Order-AppTests";
				PRODUCT_NAME = "$(TARGET_NAME)";
				SWIFT_VERSION = 5.0;
				TARGETED_DEVICE_FAMILY = "1,2";
				TEST_HOST = "$(BUILT_PRODUCTS_DIR)/Bar Order App.app/Bar Order App";
			};
			name = Release;
		};
		08A4426E263771E7007E5391 /* Debug */ = {
			isa = XCBuildConfiguration;
			buildSettings = {
				ALWAYS_EMBED_SWIFT_STANDARD_LIBRARIES = YES;
				CODE_SIGN_STYLE = Automatic;
				INFOPLIST_FILE = "Bar Order AppUITests/Info.plist";
				LD_RUNPATH_SEARCH_PATHS = (
					"$(inherited)",
					"@executable_path/Frameworks",
					"@loader_path/Frameworks",
				);
				PRODUCT_BUNDLE_IDENTIFIER = "com.DannyMakogon.Bar-Order-AppUITests";
				PRODUCT_NAME = "$(TARGET_NAME)";
				SWIFT_VERSION = 5.0;
				TARGETED_DEVICE_FAMILY = "1,2";
				TEST_TARGET_NAME = "Bar Order App";
			};
			name = Debug;
		};
		08A4426F263771E7007E5391 /* Release */ = {
			isa = XCBuildConfiguration;
			buildSettings = {
				ALWAYS_EMBED_SWIFT_STANDARD_LIBRARIES = YES;
				CODE_SIGN_STYLE = Automatic;
				INFOPLIST_FILE = "Bar Order AppUITests/Info.plist";
				LD_RUNPATH_SEARCH_PATHS = (
					"$(inherited)",
					"@executable_path/Frameworks",
					"@loader_path/Frameworks",
				);
				PRODUCT_BUNDLE_IDENTIFIER = "com.DannyMakogon.Bar-Order-AppUITests";
				PRODUCT_NAME = "$(TARGET_NAME)";
				SWIFT_VERSION = 5.0;
				TARGETED_DEVICE_FAMILY = "1,2";
				TEST_TARGET_NAME = "Bar Order App";
			};
			name = Release;
		};
/* End XCBuildConfiguration section */

/* Begin XCConfigurationList section */
		08A4423D263771E5007E5391 /* Build configuration list for PBXProject "Bar Order App" */ = {
			isa = XCConfigurationList;
			buildConfigurations = (
				08A44265263771E7007E5391 /* Debug */,
				08A44266263771E7007E5391 /* Release */,
			);
			defaultConfigurationIsVisible = 0;
			defaultConfigurationName = Release;
		};
		08A44267263771E7007E5391 /* Build configuration list for PBXNativeTarget "Bar Order App" */ = {
			isa = XCConfigurationList;
			buildConfigurations = (
				08A44268263771E7007E5391 /* Debug */,
				08A44269263771E7007E5391 /* Release */,
			);
			defaultConfigurationIsVisible = 0;
			defaultConfigurationName = Release;
		};
		08A4426A263771E7007E5391 /* Build configuration list for PBXNativeTarget "Bar Order AppTests" */ = {
			isa = XCConfigurationList;
			buildConfigurations = (
				08A4426B263771E7007E5391 /* Debug */,
				08A4426C263771E7007E5391 /* Release */,
			);
			defaultConfigurationIsVisible = 0;
			defaultConfigurationName = Release;
		};
		08A4426D263771E7007E5391 /* Build configuration list for PBXNativeTarget "Bar Order AppUITests" */ = {
			isa = XCConfigurationList;
			buildConfigurations = (
				08A4426E263771E7007E5391 /* Debug */,
				08A4426F263771E7007E5391 /* Release */,
			);
			defaultConfigurationIsVisible = 0;
			defaultConfigurationName = Release;
		};
/* End XCConfigurationList section */
	};
	rootObject = 08A4423A263771E5007E5391 /* Project object */;
}
